
Microsoft Visual Studio Solution File, Format Version 12.00
# Visual Studio Version 17
VisualStudioVersion = 17.7.34202.233
MinimumVisualStudioVersion = 10.0.40219.1
Project("{FAE04EC0-301F-11D3-BF4B-00C04F79EFBC}") = "Maximian_Mihai_Lab1", "Maximian_Mihai_Lab1.csproj", "{089BC03D-E3FC-4ABF-982A-5E7DF4695E03}"
EndProject
Global
	GlobalSection(SolutionConfigurationPlatforms) = preSolution
		Debug|Any CPU = Debug|Any CPU
		Release|Any CPU = Release|Any CPU
	EndGlobalSection
	GlobalSection(ProjectConfigurationPlatforms) = postSolution
		{089BC03D-E3FC-4ABF-982A-5E7DF4695E03}.Debug|Any CPU.ActiveCfg = Debug|Any CPU
		{089BC03D-E3FC-4ABF-982A-5E7DF4695E03}.Debug|Any CPU.Build.0 = Debug|Any CPU
		{089BC03D-E3FC-4ABF-982A-5E7DF4695E03}.Release|Any CPU.ActiveCfg = Release|Any CPU
		{089BC03D-E3FC-4ABF-982A-5E7DF4695E03}.Release|Any CPU.Build.0 = Release|Any CPU
	EndGlobalSection
	GlobalSection(SolutionProperties) = preSolution
		HideSolutionNode = FALSE
	EndGlobalSection
	GlobalSection(ExtensibilityGlobals) = postSolution
		SolutionGuid = {D6D51BF6-2732-422C-96A9-A9850854ECAC}
	EndGlobalSection
EndGlobal
